
Microsoft Visual Studio Solution File, Format Version 12.00
# Visual Studio 15
VisualStudioVersion = 15.0.28307.489
MinimumVisualStudioVersion = 10.0.40219.1
Project("{A0786B88-2ADB-4C21-ABE8-AA2D79766269}") = "Server", "..\..\..\..\..\Users\ioffe\source\repos\CourseWork\Server\Server.phpproj", "{8D083FA8-6FDA-4905-A470-CFF5B00FAF7D}"
EndProject
Project("{FAE04EC0-301F-11D3-BF4B-00C04F79EFBC}") = "Client", "..\..\..\..\..\Users\ioffe\source\repos\CourseWork\Client\Client.csproj", "{DB37BAD9-47CA-4C54-B164-7E6EAEA9B847}"
EndProject
Global
	GlobalSection(SolutionConfigurationPlatforms) = preSolution
		Debug|Any CPU = Debug|Any CPU
		Release|Any CPU = Release|Any CPU
	EndGlobalSection
	GlobalSection(ProjectConfigurationPlatforms) = postSolution
		{8D083FA8-6FDA-4905-A470-CFF5B00FAF7D}.Debug|Any CPU.ActiveCfg = Debug|Any CPU
		{8D083FA8-6FDA-4905-A470-CFF5B00FAF7D}.Release|Any CPU.ActiveCfg = Release|Any CPU
		{DB37BAD9-47CA-4C54-B164-7E6EAEA9B847}.Debug|Any CPU.ActiveCfg = Debug|Any CPU
		{DB37BAD9-47CA-4C54-B164-7E6EAEA9B847}.Debug|Any CPU.Build.0 = Debug|Any CPU
		{DB37BAD9-47CA-4C54-B164-7E6EAEA9B847}.Release|Any CPU.ActiveCfg = Release|Any CPU
		{DB37BAD9-47CA-4C54-B164-7E6EAEA9B847}.Release|Any CPU.Build.0 = Release|Any CPU
	EndGlobalSection
	GlobalSection(SolutionProperties) = preSolution
		HideSolutionNode = FALSE
	EndGlobalSection
	GlobalSection(ExtensibilityGlobals) = postSolution
		SolutionGuid = {478A4275-657A-4AB3-93F6-38EBADE35933}
	EndGlobalSection
EndGlobal
